
Microsoft Visual Studio Solution File, Format Version 12.00
# Visual Studio 14
VisualStudioVersion = 14.0.25420.1
MinimumVisualStudioVersion = 10.0.40219.1
Project("{FAE04EC0-301F-11D3-BF4B-00C04F79EFBC}") = "ApiRestaurante", "ApiRestaurante\ApiRestaurante.csproj", "{508671E3-DA82-4ADA-80F9-36F077C40164}"
EndProject
Global
	GlobalSection(SolutionConfigurationPlatforms) = preSolution
		Debug|Any CPU = Debug|Any CPU
		Release|Any CPU = Release|Any CPU
	EndGlobalSection
	GlobalSection(ProjectConfigurationPlatforms) = postSolution
		{508671E3-DA82-4ADA-80F9-36F077C40164}.Debug|Any CPU.ActiveCfg = Debug|Any CPU
		{508671E3-DA82-4ADA-80F9-36F077C40164}.Debug|Any CPU.Build.0 = Debug|Any CPU
		{508671E3-DA82-4ADA-80F9-36F077C40164}.Release|Any CPU.ActiveCfg = Release|Any CPU
		{508671E3-DA82-4ADA-80F9-36F077C40164}.Release|Any CPU.Build.0 = Release|Any CPU
	EndGlobalSection
	GlobalSection(SolutionProperties) = preSolution
		HideSolutionNode = FALSE
	EndGlobalSection
EndGlobal
